github.com/davecgh/go-spew v1.1.1 h1:vj9j/u1bqnvCEfJOwUhtlOARqs3+rkHYY13jYWTU97c=
github.com/davecgh/go-spew v1.1.1/go.mod h1:J7Y8YcW2NihsgmVo/mv3lAwl/skON4iLHjSsI+c5H38=
github.com/google/go-cmp v0.6.0 h1:ofyhxvXcZhMsU5ulbFiLKl/XBFqE1GSq7atu8tAmTRI=
github.com/google/go-cmp v0.6.0/go.mod h1:17dUlkBOakJ0+DkrSSNjCkIjxS6bF9zb3elmeNGIjoY=
github.com/google/uuid v1.6.0 h1:NIvaJDMOsjHA8n1jAhLSgzrAzy1Hgr+hNrb57e+94F0=
github.com/google/uuid v1.6.0/go.mod h1:TIyPZe4MgqvfeYDBFedMoGGpEw/LqOeaOT+nhxU+yHo=
github.com/hyperledger/fabric-gateway v1.7.0 h1:bd1quU8qYPYqYO69m1tPIDSjB+D+u/rBJfE1eWFcpjY=
github.com/hyperledger/fabric-gateway v1.7.0/go.mod h1:TItDGnq71eJcgz5TW+m5Sq3kWGp0AEI1HPCNxj0Eu7k=
github.com/hyperledger/fabric-protos-go-apiv2 v0.3.4 h1:YJrd+gMaeY0/vsN0aS0QkEKTivGoUnSRIXxGJ7KI+Pc=
github.com/hyperledger/fabric-protos-go-apiv2 v0.3.4/go.mod h1:bau/6AJhvEcu9GKKYHlDXAxXKzYNfhP6xu2GXuxEcFk=
github.com/miekg/pkcs11 v1.1.1 h1:Ugu9pdy6vAYku5DEpVWVFPYnzV+bxB+iRdbuFSu7TvU=
github.com/miekg/pkcs11 v1.1.1/go.mod h1:XsNlhZGX73bx86s2hdc/FuaLm2CPZJemRLMA+WTFxgs=
github.com/pmezard/go-difflib v1.0.0 h1:4DBwDE0NGyQoBHbLQYPwSUPoCMWR5BEzIk/f1lZbAQM=
github.com/pmezard/go-difflib v1.0.0/go.mod h1:iKH77koFhYxTK1pcRnkKkqfTogsbg7gZNVY4sRDYZ/4=
github.com/stretchr/objx v0.5.2 h1:xuMeJ0Sdp5ZMRXx/aWO6RZxdr3beISkG5/G/aIRr3pY=
github.com/stretchr/objx v0.5.2/go.mod h1:FRsXN1f5AsAjCGJKqEizvkpNtU+EGNCLh3NxZ/8L+MA=
github.com/stretchr/testify v1.9.0 h1:HtqpIVDClZ4nwg75+f6Lvsy/wHu+3BoSGCbBAcpTsTg=
github.com/stretchr/testify v1.9.0/go.mod h1:r2ic/lqez/lEtzL7wO/rwa5dbSLXVDPFyf8C91i36aY=
golang.org/x/crypto v0.29.0 h1:L5SG1JTTXupVV3n6sUqMTeWbjAyfPwoda2DLX8J8FrQ=
golang.org/x/crypto v0.29.0/go.mod h1:+F4F4N5hv6v38hfeYwTdx20oUvLLc+QfrE9Ax9HtgRg=
golang.org/x/net v0.31.0 h1:68CPQngjLL0r2AlUKiSxtQFKvzRVbnzLwMUn5SzcLHo=
golang.org/x/net v0.31.0/go.mod h1:P4fl1q7dY2hnZFxEk4pPSkDHF+QqjitcnDjUQyMM+pM=
golang.org/x/sys v0.27.0 h1:wBqf8DvsY9Y/2P8gAfPDEYNuS30J4lPHJxXSb/nJZ+s=
golang.org/x/sys v0.27.0/go.mod h1:/VUhepiaJMQUp4+oa/7Zr1D23ma6VTLIYjOOTFZPUcA=
golang.org/x/text v0.20.0 h1:gK/Kv2otX8gz+wn7Rmb3vT96ZwuoxnQlY+HlJVj7Qug=
golang.org/x/text v0.20.0/go.mod h1:D4IsuqiFMhST5bX19pQ9ikHC2GsaKyk/oF+pn3ducp4=
google.golang.org/genproto/googleapis/rpc v0.0.0-20241118233622-e639e219e697 h1:LWZqQOEjDyONlF1H6afSWpAL/znlREo2tHfLoe+8LMA=
google.golang.org/genproto/googleapis/rpc v0.0.0-20241118233622-e639e219e697/go.mod h1:5uTbfoYQed2U9p3KIj2/Zzm02PYhndfdmML0qC3q3FU=
google.golang.org/grpc v1.68.0-dev h1:Qao/m2HpklhJt2QbpdRutxyNfRuwM8nGPpmi2UkuEHw=
google.golang.org/grpc v1.68.0-dev/go.mod h1:1gLDyUQU7CTLJI90u3nXZ9ekeghjeM7pTDZlqFNg2AA=
google.golang.org/protobuf v1.35.2 h1:8Ar7bF+apOIoThw1EdZl0p1oWvMqTHmpA2fRTyZO8io=
google.golang.org/protobuf v1.35.2/go.mod h1:9fA7Ob0pmnwhb644+1+CVWFRbNajQ6iRojtC/QF5bRE=
gopkg.in/yaml.v3 v3.0.1 h1:fxVm/GzAzEWqLHuvctI91KS9hhNmmWOoWu0XTYJS7CA=
gopkg.in/yaml.v3 v3.0.1/go.mod h1:K4uyk7z7BCEPqu6E+C64Yfv1cQ7kz7rIZviUmN+EgEM=
